
Microsoft Visual Studio Solution File, Format Version 12.00
# Visual Studio Version 16
VisualStudioVersion = 16.0.29409.12
MinimumVisualStudioVersion = 10.0.40219.1
Project("{9A19103F-16F7-4668-BE54-9A1E7A4F7556}") = "EntityRepository", "EntityRepository\EntityRepository.csproj", "{E0C57F51-5447-496D-AB6B-DB3B5B847CD8}"
EndProject
Project("{9A19103F-16F7-4668-BE54-9A1E7A4F7556}") = "RepositoryCore", "..\RepositoryCore\RepositoryCore\RepositoryCore.csproj", "{0A6AD27E-870E-4AF1-A254-81511A4CA15E}"
EndProject
Project("{9A19103F-16F7-4668-BE54-9A1E7A4F7556}") = "LiteRepository", "LiteRepository\LiteRepository.csproj", "{31D30084-A312-44E9-948D-E5C8880A2A5C}"
EndProject
Project("{9A19103F-16F7-4668-BE54-9A1E7A4F7556}") = "ElasticLogRepository", "..\ElasticLogRepository\ElasticLogRepository.csproj", "{C348E2A2-097D-43BB-958A-F031CB1B9D0F}"
EndProject
Global
	GlobalSection(SolutionConfigurationPlatforms) = preSolution
		Debug|Any CPU = Debug|Any CPU
		Release|Any CPU = Release|Any CPU
	EndGlobalSection
	GlobalSection(ProjectConfigurationPlatforms) = postSolution
		{E0C57F51-5447-496D-AB6B-DB3B5B847CD8}.Debug|Any CPU.ActiveCfg = Debug|Any CPU
		{E0C57F51-5447-496D-AB6B-DB3B5B847CD8}.Debug|Any CPU.Build.0 = Debug|Any CPU
		{E0C57F51-5447-496D-AB6B-DB3B5B847CD8}.Release|Any CPU.ActiveCfg = Release|Any CPU
		{E0C57F51-5447-496D-AB6B-DB3B5B847CD8}.Release|Any CPU.Build.0 = Release|Any CPU
		{0A6AD27E-870E-4AF1-A254-81511A4CA15E}.Debug|Any CPU.ActiveCfg = Debug|Any CPU
		{0A6AD27E-870E-4AF1-A254-81511A4CA15E}.Debug|Any CPU.Build.0 = Debug|Any CPU
		{0A6AD27E-870E-4AF1-A254-81511A4CA15E}.Release|Any CPU.ActiveCfg = Release|Any CPU
		{0A6AD27E-870E-4AF1-A254-81511A4CA15E}.Release|Any CPU.Build.0 = Release|Any CPU
		{31D30084-A312-44E9-948D-E5C8880A2A5C}.Debug|Any CPU.ActiveCfg = Debug|Any CPU
		{31D30084-A312-44E9-948D-E5C8880A2A5C}.Debug|Any CPU.Build.0 = Debug|Any CPU
		{31D30084-A312-44E9-948D-E5C8880A2A5C}.Release|Any CPU.ActiveCfg = Release|Any CPU
		{31D30084-A312-44E9-948D-E5C8880A2A5C}.Release|Any CPU.Build.0 = Release|Any CPU
		{C348E2A2-097D-43BB-958A-F031CB1B9D0F}.Debug|Any CPU.ActiveCfg = Debug|Any CPU
		{C348E2A2-097D-43BB-958A-F031CB1B9D0F}.Debug|Any CPU.Build.0 = Debug|Any CPU
		{C348E2A2-097D-43BB-958A-F031CB1B9D0F}.Release|Any CPU.ActiveCfg = Release|Any CPU
		{C348E2A2-097D-43BB-958A-F031CB1B9D0F}.Release|Any CPU.Build.0 = Release|Any CPU
	EndGlobalSection
	GlobalSection(SolutionProperties) = preSolution
		HideSolutionNode = FALSE
	EndGlobalSection
	GlobalSection(ExtensibilityGlobals) = postSolution
		SolutionGuid = {175A6DA4-7C3B-4A9E-838F-0C03DD170965}
	EndGlobalSection
EndGlobal
